
Microsoft Visual Studio Solution File, Format Version 12.00
# Visual Studio Version 17
VisualStudioVersion = 17.1.32210.238
MinimumVisualStudioVersion = 10.0.40219.1
Project("{9A19103F-16F7-4668-BE54-9A1E7A4F7556}") = "DMD.BL", "DMD.BL\DMD.BL.csproj", "{7D663C60-4691-428B-91AA-C382136A7894}"
EndProject
Project("{9A19103F-16F7-4668-BE54-9A1E7A4F7556}") = "DMD.BL.Models", "DMD.BL.Models\DMD.BL.Models.csproj", "{E1C597B2-8759-4985-AFBC-BCA7DD3EE835}"
EndProject
Project("{9A19103F-16F7-4668-BE54-9A1E7A4F7556}") = "DMD.PL", "DMD.PL\DMD.PL.csproj", "{30CE8DFB-7CBC-4DF2-A7EE-B06E0B62E933}"
EndProject
Project("{00D1A9C2-B5F0-4AF3-8072-F6C62B433612}") = "DMD.DB", "DMD.DB\DMD.DB.sqlproj", "{2BBCD62A-F571-46F9-9697-47948D13604C}"
EndProject
Project("{2150E333-8FDC-42A3-9474-1A3956D46DE8}") = "Solution-Items", "Solution-Items", "{8BDB31A1-4787-4A54-B8B4-E97FC2D8D5D0}"
	ProjectSection(SolutionItems) = preProject
		DB-Setup.txt = DB-Setup.txt
		lozier-NormalizeDB.txt = lozier-NormalizeDB.txt
		lozier-to-do.txt = lozier-to-do.txt
	EndProjectSection
EndProject
Project("{9A19103F-16F7-4668-BE54-9A1E7A4F7556}") = "DMD.UI", "DMD.UI\DMD.UI.csproj", "{A9108FC1-5730-4FD7-91CF-AEC413CD5CC1}"
EndProject
Project("{FAE04EC0-301F-11D3-BF4B-00C04F79EFBC}") = "DMD.BL.Test", "DMD.BL.Test\DMD.BL.Test.csproj", "{857B4839-D889-4D69-BD25-88638B743947}"
EndProject
Global
	GlobalSection(SolutionConfigurationPlatforms) = preSolution
		Debug|Any CPU = Debug|Any CPU
		Release|Any CPU = Release|Any CPU
	EndGlobalSection
	GlobalSection(ProjectConfigurationPlatforms) = postSolution
		{7D663C60-4691-428B-91AA-C382136A7894}.Debug|Any CPU.ActiveCfg = Debug|Any CPU
		{7D663C60-4691-428B-91AA-C382136A7894}.Debug|Any CPU.Build.0 = Debug|Any CPU
		{7D663C60-4691-428B-91AA-C382136A7894}.Release|Any CPU.ActiveCfg = Release|Any CPU
		{7D663C60-4691-428B-91AA-C382136A7894}.Release|Any CPU.Build.0 = Release|Any CPU
		{E1C597B2-8759-4985-AFBC-BCA7DD3EE835}.Debug|Any CPU.ActiveCfg = Debug|Any CPU
		{E1C597B2-8759-4985-AFBC-BCA7DD3EE835}.Debug|Any CPU.Build.0 = Debug|Any CPU
		{E1C597B2-8759-4985-AFBC-BCA7DD3EE835}.Release|Any CPU.ActiveCfg = Release|Any CPU
		{E1C597B2-8759-4985-AFBC-BCA7DD3EE835}.Release|Any CPU.Build.0 = Release|Any CPU
		{30CE8DFB-7CBC-4DF2-A7EE-B06E0B62E933}.Debug|Any CPU.ActiveCfg = Debug|Any CPU
		{30CE8DFB-7CBC-4DF2-A7EE-B06E0B62E933}.Debug|Any CPU.Build.0 = Debug|Any CPU
		{30CE8DFB-7CBC-4DF2-A7EE-B06E0B62E933}.Release|Any CPU.ActiveCfg = Release|Any CPU
		{30CE8DFB-7CBC-4DF2-A7EE-B06E0B62E933}.Release|Any CPU.Build.0 = Release|Any CPU
		{2BBCD62A-F571-46F9-9697-47948D13604C}.Debug|Any CPU.ActiveCfg = Debug|Any CPU
		{2BBCD62A-F571-46F9-9697-47948D13604C}.Debug|Any CPU.Build.0 = Debug|Any CPU
		{2BBCD62A-F571-46F9-9697-47948D13604C}.Debug|Any CPU.Deploy.0 = Debug|Any CPU
		{2BBCD62A-F571-46F9-9697-47948D13604C}.Release|Any CPU.ActiveCfg = Release|Any CPU
		{2BBCD62A-F571-46F9-9697-47948D13604C}.Release|Any CPU.Build.0 = Release|Any CPU
		{2BBCD62A-F571-46F9-9697-47948D13604C}.Release|Any CPU.Deploy.0 = Release|Any CPU
		{A9108FC1-5730-4FD7-91CF-AEC413CD5CC1}.Debug|Any CPU.ActiveCfg = Debug|Any CPU
		{A9108FC1-5730-4FD7-91CF-AEC413CD5CC1}.Debug|Any CPU.Build.0 = Debug|Any CPU
		{A9108FC1-5730-4FD7-91CF-AEC413CD5CC1}.Release|Any CPU.ActiveCfg = Release|Any CPU
		{A9108FC1-5730-4FD7-91CF-AEC413CD5CC1}.Release|Any CPU.Build.0 = Release|Any CPU
		{857B4839-D889-4D69-BD25-88638B743947}.Debug|Any CPU.ActiveCfg = Debug|Any CPU
		{857B4839-D889-4D69-BD25-88638B743947}.Debug|Any CPU.Build.0 = Debug|Any CPU
		{857B4839-D889-4D69-BD25-88638B743947}.Release|Any CPU.ActiveCfg = Release|Any CPU
		{857B4839-D889-4D69-BD25-88638B743947}.Release|Any CPU.Build.0 = Release|Any CPU
	EndGlobalSection
	GlobalSection(SolutionProperties) = preSolution
		HideSolutionNode = FALSE
	EndGlobalSection
	GlobalSection(ExtensibilityGlobals) = postSolution
		SolutionGuid = {49799766-A917-4106-BA1F-A0014360BA05}
	EndGlobalSection
EndGlobal
